<?xml version="1.0" encoding="utf-8"?>
<Project ToolsVersion="4.0" xmlns="http://schemas.microsoft.com/developer/msbuild/2003">
  <ItemGroup>
    <ClCompile Include="stdafx.cpp" />
    <ClCompile Include="scenes\chess\chessScene.cpp">
      <Filter>Scene Types</Filter>
    </ClCompile>
    <ClCompile Include="..\external\imgui\imgui.cpp">
      <Filter>external\imgui</Filter>
    </ClCompile>
    <ClCompile Include="..\external\imgui\imgui_demo.cpp">
      <Filter>external\imgui</Filter>
    </ClCompile>
    <ClCompile Include="..\external\imgui\imgui_draw.cpp">
      <Filter>external\imgui</Filter>
    </ClCompile>
    <ClCompile Include="..\external\imgui\imgui_tables.cpp">
      <Filter>external\imgui</Filter>
    </ClCompile>
    <ClCompile Include="..\external\imgui\imgui_widgets.cpp">
      <Filter>external\imgui</Filter>
    </ClCompile>
    <ClCompile Include="..\external\imgui\backends\imgui_impl_glfw.cpp">
      <Filter>external\imgui</Filter>
    </ClCompile>
    <ClCompile Include="..\external\imgui\backends\imgui_impl_vulkan.cpp">
      <Filter>external\imgui</Filter>
    </ClCompile>
    <ClCompile Include="..\external\tinyfiledialogs\tinyfiledialogs.c">
      <Filter>external\tinyfiledialogs</Filter>
    </ClCompile>
    <ClCompile Include="src\render_core\renderer.cpp">
      <Filter>Core</Filter>
    </ClCompile>
    <ClCompile Include="src\render_core\renderInit.cpp">
      <Filter>Core</Filter>
    </ClCompile>
    <ClCompile Include="src\render_binding\pipeline.cpp">
      <Filter>Binding</Filter>
    </ClCompile>
    <ClCompile Include="src\render_state\deviceContext.cpp">
      <Filter>Device Context</Filter>
    </ClCompile>
    <ClCompile Include="src\globals\render_util.cpp">
      <Filter>Globals</Filter>
    </ClCompile>
    <ClCompile Include="src\io\io.cpp">
      <Filter>IO</Filter>
    </ClCompile>
    <ClCompile Include="src\render_core\debugMenu.cpp">
      <Filter>Core</Filter>
    </ClCompile>
    <ClCompile Include="scenes\emu\nesScene.cpp">
      <Filter>Scene Types</Filter>
    </ClCompile>
    <ClCompile Include="src\render_core\gpuImage.cpp">
      <Filter>Core</Filter>
    </ClCompile>
    <ClCompile Include="src\render_binding\shaderBinding.cpp">
      <Filter>Binding</Filter>
    </ClCompile>
    <ClCompile Include="src\render_binding\binding.cpp">
      <Filter>Binding</Filter>
    </ClCompile>
    <ClCompile Include="src\render_binding\descriptorWrites.cpp">
      <Filter>Binding</Filter>
    </ClCompile>
    <ClCompile Include="src\render_core\swapChain.cpp">
      <Filter>Core</Filter>
    </ClCompile>
    <ClCompile Include="src\render_state\cmdContext.cpp">
      <Filter>Device Context</Filter>
    </ClCompile>
    <ClCompile Include="src\render_core\GpuSync.cpp">
      <Filter>Core</Filter>
    </ClCompile>
    <ClCompile Include="src\globals\drawGroup.cpp">
      <Filter>Globals</Filter>
    </ClCompile>
    <ClCompile Include="src\render_state\frameBuffer.cpp">
      <Filter>Device Context</Filter>
    </ClCompile>
    <ClCompile Include="src\draw_passes\drawpass.cpp">
      <Filter>Draw Passes</Filter>
    </ClCompile>
    <ClCompile Include="src\render_core\renderResource.cpp">
      <Filter>Core</Filter>
    </ClCompile>
    <ClCompile Include="src\app\cvar.cpp">
      <Filter>app</Filter>
    </ClCompile>
    <ClCompile Include="src\render_tasks\ImageReadbackTask.cpp">
      <Filter>Tasks</Filter>
    </ClCompile>
    <ClCompile Include="src\render_tasks\imageMipTask.cpp">
      <Filter>Tasks</Filter>
    </ClCompile>
    <ClCompile Include="src\render_tasks\imageShaderTask.cpp">
      <Filter>Tasks</Filter>
    </ClCompile>
    <ClCompile Include="src\render_core\renderView.cpp">
      <Filter>Core</Filter>
    </ClCompile>
    <ClCompile Include="src\render_tasks\RenderTask.cpp">
      <Filter>Tasks</Filter>
    </ClCompile>
    <ClCompile Include="src\render_tasks\imguiTask.cpp">
      <Filter>Tasks</Filter>
    </ClCompile>
    <ClCompile Include="src\draw_passes\shadowPass.cpp">
      <Filter>Draw Passes</Filter>
    </ClCompile>
    <ClCompile Include="src\draw_passes\depthPass.cpp">
      <Filter>Draw Passes</Filter>
    </ClCompile>
    <ClCompile Include="src\draw_passes\opaquePass.cpp">
      <Filter>Draw Passes</Filter>
    </ClCompile>
    <ClCompile Include="src\draw_passes\transPass.cpp">
      <Filter>Draw Passes</Filter>
    </ClCompile>
    <ClCompile Include="src\draw_passes\postPass.cpp">
      <Filter>Draw Passes</Filter>
    </ClCompile>
    <ClCompile Include="src\draw_passes\terrainPass.cpp">
      <Filter>Draw Passes</Filter>
    </ClCompile>
    <ClCompile Include="src\draw_passes\skyboxPass.cpp">
      <Filter>Draw Passes</Filter>
    </ClCompile>
    <ClCompile Include="src\draw_passes\wireframePass.cpp">
      <Filter>Draw Passes</Filter>
    </ClCompile>
    <ClCompile Include="src\draw_passes\debug2dPass.cpp">
      <Filter>Draw Passes</Filter>
    </ClCompile>
    <ClCompile Include="src\draw_passes\debug3dPass.cpp">
      <Filter>Draw Passes</Filter>
    </ClCompile>
    <ClCompile Include="src\app\window.cpp">
      <Filter>app</Filter>
    </ClCompile>
    <ClCompile Include="src\io\serializeClasses.cpp">
      <Filter>IO</Filter>
    </ClCompile>
    <ClCompile Include="src\app\appScene.cpp">
      <Filter>app</Filter>
    </ClCompile>
    <ClCompile Include="src\scene\assetBaker.cpp">
      <Filter>Baker</Filter>
    </ClCompile>
    <ClCompile Include="src\scene\camera.cpp">
      <Filter>Scene</Filter>
    </ClCompile>
    <ClCompile Include="src\scene\sceneBase.cpp">
      <Filter>Scene</Filter>
    </ClCompile>
    <ClCompile Include="src\scene\sceneParser.cpp">
      <Filter>Scene</Filter>
    </ClCompile>
    <ClCompile Include="src\scene\entity.cpp">
      <Filter>Scene</Filter>
    </ClCompile>
    <ClCompile Include="src\asset_types\gpuProgram.cpp">
      <Filter>Asset Classes</Filter>
    </ClCompile>
    <ClCompile Include="src\asset_types\material.cpp">
      <Filter>Asset Classes</Filter>
    </ClCompile>
    <ClCompile Include="src\asset_types\model.cpp">
      <Filter>Asset Classes</Filter>
    </ClCompile>
    <ClCompile Include="src\asset_types\image.cpp">
      <Filter>Asset Classes</Filter>
    </ClCompile>
    <ClCompile Include="src\app\appMain.cpp">
      <Filter>app</Filter>
    </ClCompile>
    <ClCompile Include="src\render_resources\gpuBuffer.cpp">
      <Filter>Resources</Filter>
    </ClCompile>
    <ClCompile Include="src\render_core\allocator.cpp">
      <Filter>Core</Filter>
    </ClCompile>
    <ClCompile Include="src\render_resources\imageArray.cpp">
      <Filter>Resources</Filter>
    </ClCompile>
    <ClCompile Include="src\render_resources\imageSampler.cpp">
      <Filter>Resources</Filter>
    </ClCompile>
    <ClCompile Include="src\render_resources\imageView.cpp">
      <Filter>Resources</Filter>
    </ClCompile>
    <ClCompile Include="src\render_core\schedule.cpp">
      <Filter>Core</Filter>
    </ClCompile>
    <ClCompile Include="src\render_core\renderContext.cpp">
      <Filter>Core</Filter>
    </ClCompile>
    <ClCompile Include="src\scene\codeAssets.cpp" />
    <ClCompile Include="src\render_core\renderUploader.cpp">
      <Filter>Core</Filter>
    </ClCompile>
    <ClCompile Include="src\render_core\resourceContext.cpp">
      <Filter>Core</Filter>
    </ClCompile>
    <ClCompile Include="src\render_tasks\taskSchedule.cpp">
      <Filter>Tasks</Filter>
    </ClCompile>
    <ClCompile Include="src\render_tasks\UtilTasks.cpp">
      <Filter>Tasks</Filter>
    </ClCompile>
    <ClCompile Include="src\render_core\gpuTimerPool.cpp">
      <Filter>Core</Filter>
    </ClCompile>
    <ClCompile Include="src\render_tasks\ComputeTask.cpp">
      <Filter>Tasks</Filter>
    </ClCompile>
    <ClCompile Include="src\render_resources\gpuAccelerationStructure.cpp">
      <Filter>Resources</Filter>
    </ClCompile>
    <ClCompile Include="src\render_binding\vertexInput.cpp">
      <Filter>Binding</Filter>
    </ClCompile>
    <ClCompile Include="src\render_tasks\rayTracingTask.cpp">
      <Filter>Tasks</Filter>
    </ClCompile>
    <ClCompile Include="src\render_resources\aliasableImageHeap.cpp">
      <Filter>Resources</Filter>
    </ClCompile>
  </ItemGroup>
  <ItemGroup>
    <ClInclude Include="stdafx.h" />
    <ClInclude Include="targetver.h" />
    <ClInclude Include="scenes\chess\chessScene.h">
      <Filter>Scene Types</Filter>
    </ClInclude>
    <ClInclude Include="..\external\imgui\imconfig.h">
      <Filter>external\imgui</Filter>
    </ClInclude>
    <ClInclude Include="..\external\imgui\imgui.h">
      <Filter>external\imgui</Filter>
    </ClInclude>
    <ClInclude Include="..\external\imgui\imgui_internal.h">
      <Filter>external\imgui</Filter>
    </ClInclude>
    <ClInclude Include="..\external\imgui\imstb_rectpack.h">
      <Filter>external\imgui</Filter>
    </ClInclude>
    <ClInclude Include="..\external\imgui\imstb_textedit.h">
      <Filter>external\imgui</Filter>
    </ClInclude>
    <ClInclude Include="..\external\imgui\imstb_truetype.h">
      <Filter>external\imgui</Filter>
    </ClInclude>
    <ClInclude Include="..\external\imgui\backends\imgui_impl_glfw.h">
      <Filter>external\imgui</Filter>
    </ClInclude>
    <ClInclude Include="..\external\imgui\backends\imgui_impl_vulkan.h">
      <Filter>external\imgui</Filter>
    </ClInclude>
    <ClInclude Include="..\external\tinyfiledialogs\tinyfiledialogs.h">
      <Filter>external\tinyfiledialogs</Filter>
    </ClInclude>
    <ClInclude Include="src\render_core\renderer.h">
      <Filter>Core</Filter>
    </ClInclude>
    <ClInclude Include="src\render_core\swapChain.h">
      <Filter>Core</Filter>
    </ClInclude>
    <ClInclude Include="src\render_binding\pipeline.h">
      <Filter>Binding</Filter>
    </ClInclude>
    <ClInclude Include="src\render_state\deviceContext.h">
      <Filter>Device Context</Filter>
    </ClInclude>
    <ClInclude Include="src\globals\common.h">
      <Filter>Globals</Filter>
    </ClInclude>
    <ClInclude Include="src\globals\render_util.h">
      <Filter>Globals</Filter>
    </ClInclude>
    <ClInclude Include="src\globals\renderConstants.h">
      <Filter>Globals</Filter>
    </ClInclude>
    <ClInclude Include="src\io\io.h">
      <Filter>IO</Filter>
    </ClInclude>
    <ClInclude Include="src\render_core\debugMenu.h">
      <Filter>Core</Filter>
    </ClInclude>
    <ClInclude Include="scenes\emu\nesScene.h">
      <Filter>Scene Types</Filter>
    </ClInclude>
    <ClInclude Include="src\render_core\gpuImage.h">
      <Filter>Core</Filter>
    </ClInclude>
    <ClInclude Include="src\render_state\rhi.h">
      <Filter>Device Context</Filter>
    </ClInclude>
    <ClInclude Include="src\render_binding\bindings.h">
      <Filter>Binding</Filter>
    </ClInclude>
    <ClInclude Include="src\render_binding\shaderBinding.h">
      <Filter>Binding</Filter>
    </ClInclude>
    <ClInclude Include="src\render_state\cmdContext.h">
      <Filter>Device Context</Filter>
    </ClInclude>
    <ClInclude Include="src\render_core\GpuSync.h">
      <Filter>Core</Filter>
    </ClInclude>
    <ClInclude Include="src\globals\drawGroup.h">
      <Filter>Globals</Filter>
    </ClInclude>
    <ClInclude Include="src\render_state\frameBuffer.h">
      <Filter>Device Context</Filter>
    </ClInclude>
    <ClInclude Include="src\draw_passes\drawpass.h">
      <Filter>Draw Passes</Filter>
    </ClInclude>
    <ClInclude Include="src\render_core\renderResource.h">
      <Filter>Core</Filter>
    </ClInclude>
    <ClInclude Include="src\app\cvar.h">
      <Filter>app</Filter>
    </ClInclude>
    <ClInclude Include="src\render_tasks\ImageReadbackTask.h">
      <Filter>Tasks</Filter>
    </ClInclude>
    <ClInclude Include="src\render_tasks\imageMipTask.h">
      <Filter>Tasks</Filter>
    </ClInclude>
    <ClInclude Include="scenes\emu\tomtendoCore.h">
      <Filter>Scene Types</Filter>
    </ClInclude>
    <ClInclude Include="src\render_tasks\imageShaderTask.h">
      <Filter>Tasks</Filter>
    </ClInclude>
    <ClInclude Include="src\render_core\renderview.h">
      <Filter>Core</Filter>
    </ClInclude>
    <ClInclude Include="src\render_tasks\RenderTask.h">
      <Filter>Tasks</Filter>
    </ClInclude>
    <ClInclude Include="src\render_tasks\imguiTask.h">
      <Filter>Tasks</Filter>
    </ClInclude>
    <ClInclude Include="src\draw_passes\wireFramePass.h">
      <Filter>Draw Passes</Filter>
    </ClInclude>
    <ClInclude Include="src\draw_passes\transPass.h">
      <Filter>Draw Passes</Filter>
    </ClInclude>
    <ClInclude Include="src\draw_passes\terrainPass.h">
      <Filter>Draw Passes</Filter>
    </ClInclude>
    <ClInclude Include="src\draw_passes\skyboxPass.h">
      <Filter>Draw Passes</Filter>
    </ClInclude>
    <ClInclude Include="src\draw_passes\shadowPass.h">
      <Filter>Draw Passes</Filter>
    </ClInclude>
    <ClInclude Include="src\draw_passes\postPass.h">
      <Filter>Draw Passes</Filter>
    </ClInclude>
    <ClInclude Include="src\draw_passes\opaquePass.h">
      <Filter>Draw Passes</Filter>
    </ClInclude>
    <ClInclude Include="src\draw_passes\depthPass.h">
      <Filter>Draw Passes</Filter>
    </ClInclude>
    <ClInclude Include="src\draw_passes\debug3dPass.h">
      <Filter>Draw Passes</Filter>
    </ClInclude>
    <ClInclude Include="src\draw_passes\debug2dPass.h">
      <Filter>Draw Passes</Filter>
    </ClInclude>
    <ClInclude Include="src\app\input.h">
      <Filter>app</Filter>
    </ClInclude>
    <ClInclude Include="src\app\window.h">
      <Filter>app</Filter>
    </ClInclude>
    <ClInclude Include="src\io\serializeClasses.h">
      <Filter>IO</Filter>
    </ClInclude>
    <ClInclude Include="..\external\stb_image.h">
      <Filter>external</Filter>
    </ClInclude>
    <ClInclude Include="..\external\stb_image_write.h">
      <Filter>external</Filter>
    </ClInclude>
    <ClInclude Include="..\external\tiny_obj_loader.h">
      <Filter>external</Filter>
    </ClInclude>
    <ClInclude Include="src\scene\assetBaker.h">
      <Filter>Baker</Filter>
    </ClInclude>
    <ClInclude Include="src\scene\assetManager.h">
      <Filter>Asset Classes</Filter>
    </ClInclude>
    <ClInclude Include="src\scene\camera.h">
      <Filter>Scene</Filter>
    </ClInclude>
    <ClInclude Include="src\scene\sceneBase.h">
      <Filter>Scene</Filter>
    </ClInclude>
    <ClInclude Include="src\scene\sceneParser.h">
      <Filter>Scene</Filter>
    </ClInclude>
    <ClInclude Include="src\scene\entity.h">
      <Filter>Scene</Filter>
    </ClInclude>
    <ClInclude Include="src\asset_types\gpuProgram.h">
      <Filter>Asset Classes</Filter>
    </ClInclude>
    <ClInclude Include="src\asset_types\material.h">
      <Filter>Asset Classes</Filter>
    </ClInclude>
    <ClInclude Include="src\asset_types\model.h">
      <Filter>Asset Classes</Filter>
    </ClInclude>
    <ClInclude Include="src\asset_types\image.h">
      <Filter>Asset Classes</Filter>
    </ClInclude>
    <ClInclude Include="src\asset_types\asset.h">
      <Filter>Asset Classes</Filter>
    </ClInclude>
    <ClInclude Include="src\asset_types\assetHandle.h">
      <Filter>Asset Classes</Filter>
    </ClInclude>
    <ClInclude Include="src\asset_types\assetLib.h">
      <Filter>Asset Classes</Filter>
    </ClInclude>
    <ClInclude Include="src\scene\mtInterface.h">
      <Filter>Baker</Filter>
    </ClInclude>
    <ClInclude Include="src\render_resources\gpuBuffer.h">
      <Filter>Resources</Filter>
    </ClInclude>
    <ClInclude Include="src\render_core\allocator.h">
      <Filter>Core</Filter>
    </ClInclude>
    <ClInclude Include="src\render_resources\imageArray.h">
      <Filter>Resources</Filter>
    </ClInclude>
    <ClInclude Include="src\render_resources\imageSampler.h">
      <Filter>Resources</Filter>
    </ClInclude>
    <ClInclude Include="src\render_resources\imageView.h">
      <Filter>Resources</Filter>
    </ClInclude>
    <ClInclude Include="src\render_core\schedule.h">
      <Filter>Core</Filter>
    </ClInclude>
    <ClInclude Include="src\app\imguiInterface.h">
      <Filter>app</Filter>
    </ClInclude>
    <ClInclude Include="src\render_core\renderContext.h">
      <Filter>Core</Filter>
    </ClInclude>
    <ClInclude Include="src\scene\codeAssets.h" />
    <ClInclude Include="src\render_core\renderUploader.h">
      <Filter>Core</Filter>
    </ClInclude>
    <ClInclude Include="src\render_core\resourceContext.h">
      <Filter>Core</Filter>
    </ClInclude>
    <ClInclude Include="src\render_tasks\taskSchedule.h">
      <Filter>Tasks</Filter>
    </ClInclude>
    <ClInclude Include="src\render_tasks\UtilTasks.h">
      <Filter>Tasks</Filter>
    </ClInclude>
    <ClInclude Include="shaders\gpuShared.h">
      <Filter>Shaders</Filter>
    </ClInclude>
    <ClInclude Include="src\render_core\gpuTimerPool.h">
      <Filter>Core</Filter>
    </ClInclude>
    <ClInclude Include="src\render_tasks\ComputeTask.h">
      <Filter>Tasks</Filter>
    </ClInclude>
    <ClInclude Include="src\render_resources\gpuAccelerationStructure.h">
      <Filter>Resources</Filter>
    </ClInclude>
    <ClInclude Include="src\render_binding\vertexInput.h">
      <Filter>Binding</Filter>
    </ClInclude>
    <ClInclude Include="shaders\rtGlobals.h">
      <Filter>Shaders</Filter>
    </ClInclude>
    <ClInclude Include="src\render_tasks\rayTracingTask.h">
      <Filter>Tasks</Filter>
    </ClInclude>
    <ClInclude Include="src\render_resources\aliasableImageHeap.h">
      <Filter>Resources</Filter>
    </ClInclude>
    <ClInclude Include="src\globals\renderConfig.h">
      <Filter>Globals</Filter>
    </ClInclude>
  </ItemGroup>
  <ItemGroup>
    <Filter Include="Shaders">
      <UniqueIdentifier>{560cce8d-e0a9-4227-bef7-b0e8ec17db07}</UniqueIdentifier>
    </Filter>
    <Filter Include="app">
      <UniqueIdentifier>{8422073c-36ab-49db-80da-32a9dbf106f4}</UniqueIdentifier>
    </Filter>
    <Filter Include="external">
      <UniqueIdentifier>{f0434c93-6bf0-4283-8d52-4b1fb4cacc39}</UniqueIdentifier>
    </Filter>
    <Filter Include="external\imgui">
      <UniqueIdentifier>{90cea79c-20c6-4910-b690-2955a612a086}</UniqueIdentifier>
    </Filter>
    <Filter Include="external\tinyfiledialogs">
      <UniqueIdentifier>{ef848272-6ac6-4f38-b6f0-14d00456cc67}</UniqueIdentifier>
    </Filter>
    <Filter Include="Draw Passes">
      <UniqueIdentifier>{3d060c57-dcc9-4ff1-9ad5-ca87ea5bbaa1}</UniqueIdentifier>
    </Filter>
    <Filter Include="Binding">
      <UniqueIdentifier>{5cf06efa-78fe-44b3-8c91-a428376bb362}</UniqueIdentifier>
    </Filter>
    <Filter Include="Core">
      <UniqueIdentifier>{51ec1bcd-b056-4e9a-913c-15fa9ccc8313}</UniqueIdentifier>
    </Filter>
    <Filter Include="Globals">
      <UniqueIdentifier>{21795e6f-c830-4219-add7-37b00412d994}</UniqueIdentifier>
    </Filter>
    <Filter Include="IO">
      <UniqueIdentifier>{10252c62-08b9-4c28-a3e6-9dc33fa9a25a}</UniqueIdentifier>
    </Filter>
    <Filter Include="Device Context">
      <UniqueIdentifier>{52899a06-18bc-47e8-b7e9-c9bf879dc260}</UniqueIdentifier>
    </Filter>
    <Filter Include="Tasks">
      <UniqueIdentifier>{e842c2f5-a20d-4502-bce7-30628c72001e}</UniqueIdentifier>
    </Filter>
    <Filter Include="Baker">
      <UniqueIdentifier>{ef19525a-4e53-4f96-bfe5-dff889b86375}</UniqueIdentifier>
    </Filter>
    <Filter Include="Scene">
      <UniqueIdentifier>{2e0ee268-188c-4e25-b72f-92b687bb3ef7}</UniqueIdentifier>
    </Filter>
    <Filter Include="Asset Classes">
      <UniqueIdentifier>{d5a257b7-c142-4a87-a6ea-e09cd7c4c4ad}</UniqueIdentifier>
    </Filter>
    <Filter Include="Scene Types">
      <UniqueIdentifier>{e7483fae-7036-4ff0-8d39-67df20baef10}</UniqueIdentifier>
    </Filter>
    <Filter Include="Resources">
      <UniqueIdentifier>{b6895c32-66f2-43ce-863b-c26fb87b331a}</UniqueIdentifier>
    </Filter>
  </ItemGroup>
  <ItemGroup>
    <FxCompile Include="shaders\bloomUpsample.ps.hlsl">
      <Filter>Shaders</Filter>
    </FxCompile>
    <FxCompile Include="shaders\clear.cs.hlsl">
      <Filter>Shaders</Filter>
    </FxCompile>
    <FxCompile Include="shaders\computeBrdfLut.ps.hlsl">
      <Filter>Shaders</Filter>
    </FxCompile>
    <FxCompile Include="shaders\crt.ps.hlsl">
      <Filter>Shaders</Filter>
    </FxCompile>
    <FxCompile Include="shaders\default.ps.hlsl">
      <Filter>Shaders</Filter>
    </FxCompile>
    <FxCompile Include="shaders\default.vs.hlsl">
      <Filter>Shaders</Filter>
    </FxCompile>
    <FxCompile Include="shaders\prepass.ps.hlsl">
      <Filter>Shaders</Filter>
    </FxCompile>
    <FxCompile Include="shaders\downsample.ps.hlsl">
      <Filter>Shaders</Filter>
    </FxCompile>
    <FxCompile Include="shaders\equirectangularSky.ps.hlsl">
      <Filter>Shaders</Filter>
    </FxCompile>
    <FxCompile Include="shaders\fullscreen.vs.hlsl">
      <Filter>Shaders</Filter>
    </FxCompile>
    <FxCompile Include="shaders\gaussian.ps.hlsl">
      <Filter>Shaders</Filter>
    </FxCompile>
    <FxCompile Include="shaders\imageViewer.ps.hlsl">
      <Filter>Shaders</Filter>
    </FxCompile>
    <FxCompile Include="shaders\imageReadback.cs.hlsl">
      <Filter>Shaders</Filter>
    </FxCompile>
    <FxCompile Include="shaders\lit.ps.hlsl">
      <Filter>Shaders</Filter>
    </FxCompile>
    <FxCompile Include="shaders\luminance.ps.hlsl">
      <Filter>Shaders</Filter>
    </FxCompile>
    <FxCompile Include="shaders\luminanceDownsample.ps.hlsl">
      <Filter>Shaders</Filter>
    </FxCompile>
    <FxCompile Include="shaders\noVb.vs.hlsl">
      <Filter>Shaders</Filter>
    </FxCompile>
    <FxCompile Include="shaders\postProcess.ps.hlsl">
      <Filter>Shaders</Filter>
    </FxCompile>
    <FxCompile Include="shaders\preCalculatedDiffuseIBL.ps.hlsl">
      <Filter>Shaders</Filter>
    </FxCompile>
    <FxCompile Include="shaders\preCalculatedSpecularIbl.ps.hlsl">
      <Filter>Shaders</Filter>
    </FxCompile>
    <FxCompile Include="shaders\resolve.ps.hlsl">
      <Filter>Shaders</Filter>
    </FxCompile>
    <FxCompile Include="shaders\shadow.ps.hlsl">
      <Filter>Shaders</Filter>
    </FxCompile>
    <FxCompile Include="shaders\simple.ps.hlsl">
      <Filter>Shaders</Filter>
    </FxCompile>
    <FxCompile Include="shaders\simple.vs.hlsl">
      <Filter>Shaders</Filter>
    </FxCompile>
    <FxCompile Include="shaders\skybox.ps.hlsl">
      <Filter>Shaders</Filter>
    </FxCompile>
    <FxCompile Include="shaders\skybox.vs.hlsl">
      <Filter>Shaders</Filter>
    </FxCompile>
    <FxCompile Include="shaders\terrain.ps.hlsl">
      <Filter>Shaders</Filter>
    </FxCompile>
    <FxCompile Include="shaders\terrain.vs.hlsl">
      <Filter>Shaders</Filter>
    </FxCompile>
    <FxCompile Include="shaders\tree.vs.hlsl">
      <Filter>Shaders</Filter>
    </FxCompile>
    <FxCompile Include="shaders\bloomDownsample.ps.hlsl">
      <Filter>Shaders</Filter>
    </FxCompile>
    <FxCompile Include="shaders\globals.h">
      <Filter>Shaders</Filter>
    </FxCompile>
    <FxCompile Include="shaders\lighting.h">
      <Filter>Shaders</Filter>
    </FxCompile>
    <FxCompile Include="shaders\rayCone.h">
      <Filter>Shaders</Filter>
    </FxCompile>
    <FxCompile Include="shaders\util.h">
      <Filter>Shaders</Filter>
    </FxCompile>
    <FxCompile Include="shaders\rtUtil.h">
      <Filter>Shaders</Filter>
    </FxCompile>
    <FxCompile Include="shaders\litViewDiffuse.ps.hlsl">
      <Filter>Shaders</Filter>
    </FxCompile>
    <FxCompile Include="shaders\brdf.h">
      <Filter>Shaders</Filter>
    </FxCompile>
    <FxCompile Include="shaders\lightUtil.h">
      <Filter>Shaders</Filter>
    </FxCompile>
    <FxCompile Include="shaders\resolveDepth.ps.hlsl">
      <Filter>Shaders</Filter>
    </FxCompile>
    <FxCompile Include="shaders\ssao.ps.hlsl">
      <Filter>Shaders</Filter>
    </FxCompile>
    <FxCompile Include="shaders\noiseGen.ps.hlsl">
      <Filter>Shaders</Filter>
    </FxCompile>
    <FxCompile Include="shaders\imageStat.cs.hlsl">
      <Filter>Shaders</Filter>
    </FxCompile>
    <FxCompile Include="shaders\bilateralBlur.ps.hlsl">
      <Filter>Shaders</Filter>
    </FxCompile>
    <FxCompile Include="shaders\dofCoc.ps.hlsl">
      <Filter>Shaders</Filter>
    </FxCompile>
    <FxCompile Include="shaders\dofTileMinMax.cs.hlsl">
      <Filter>Shaders</Filter>
    </FxCompile>
    <FxCompile Include="shaders\quad2d.vs.hlsl">
      <Filter>Shaders</Filter>
    </FxCompile>
    <FxCompile Include="shaders\downsampleMax.ps.hlsl">
      <Filter>Shaders</Filter>
    </FxCompile>
    <FxCompile Include="shaders\downsampleMin.ps.hlsl">
      <Filter>Shaders</Filter>
    </FxCompile>
    <FxCompile Include="shaders\rtPrimaryRay.rgen.hlsl">
      <Filter>Shaders</Filter>
    </FxCompile>
    <FxCompile Include="shaders\dofBokehSample.ps.hlsl">
      <Filter>Shaders</Filter>
    </FxCompile>
    <FxCompile Include="shaders\dofBlur.ps.hlsl">
      <Filter>Shaders</Filter>
    </FxCompile>
    <FxCompile Include="shaders\chromaticAberration.ps.hlsl">
      <Filter>Shaders</Filter>
    </FxCompile>
    <FxCompile Include="shaders\rtMiss.rmiss.hlsl">
      <Filter>Shaders</Filter>
    </FxCompile>
    <FxCompile Include="shaders\rtAnyHit.rahit.hlsl">
      <Filter>Shaders</Filter>
    </FxCompile>
    <FxCompile Include="shaders\rtSceneViewOpaque.rchit.hlsl">
      <Filter>Shaders</Filter>
    </FxCompile>
    <FxCompile Include="shaders\rtIntersection.rint.hlsl">
      <Filter>Shaders</Filter>
    </FxCompile>
  </ItemGroup>
  <ItemGroup>
    <Natvis Include="..\submodules\GfxCore\GfxCore\math\vector.natvis" />
  </ItemGroup>
</Project>